
Microsoft Visual Studio Solution File, Format Version 12.00
# Visual Studio Version 17
VisualStudioVersion = 17.8.34408.163
MinimumVisualStudioVersion = 10.0.40219.1
Project("{FAE04EC0-301F-11D3-BF4B-00C04F79EFBC}") = "SigmaApplication", "SigmaApplication.csproj", "{C5464E32-84D3-4F8A-9A79-A0AB318C2726}"
EndProject
Global
	GlobalSection(SolutionConfigurationPlatforms) = preSolution
		Debug|Any CPU = Debug|Any CPU
		Release|Any CPU = Release|Any CPU
	EndGlobalSection
	GlobalSection(ProjectConfigurationPlatforms) = postSolution
		{C5464E32-84D3-4F8A-9A79-A0AB318C2726}.Debug|Any CPU.ActiveCfg = Debug|Any CPU
		{C5464E32-84D3-4F8A-9A79-A0AB318C2726}.Debug|Any CPU.Build.0 = Debug|Any CPU
		{C5464E32-84D3-4F8A-9A79-A0AB318C2726}.Release|Any CPU.ActiveCfg = Release|Any CPU
		{C5464E32-84D3-4F8A-9A79-A0AB318C2726}.Release|Any CPU.Build.0 = Release|Any CPU
	EndGlobalSection
	GlobalSection(SolutionProperties) = preSolution
		HideSolutionNode = FALSE
	EndGlobalSection
	GlobalSection(ExtensibilityGlobals) = postSolution
		SolutionGuid = {8EF9DCAE-FCB6-46DC-956B-0F4E369B56DC}
	EndGlobalSection
EndGlobal
